{
    "version": 3,
    "terraform_version": "0.10.7",
    "serial": 8,
    "lineage": "9fa8d3b7-b3ab-491a-b094-dd614ee26d5c",
    "modules": [
        {
            "path": [
                "root"
            ],
            "outputs": {
                "Privsubnet_id": {
                    "sensitive": false,
                    "type": "list",
                    "value": [
                        "subnet-ed2a54a5",
                        "subnet-71295739",
                        "subnet-ec2a54a4",
                        "subnet-f83d639e"
                    ]
                },
                "Pubsubnet_id": {
                    "sensitive": false,
                    "type": "string",
                    "value": "subnet-c43e60a2"
                },
                "SecurityGroup_id": {
                    "sensitive": false,
                    "type": "string",
                    "value": "sg-ca4080b6"
                },
                "allocation_id": {
                    "sensitive": false,
                    "type": "string",
                    "value": "eipalloc-55246a68"
                },
                "nat_gateway_id": {
                    "sensitive": false,
                    "type": "string",
                    "value": "nat-04ad87f76c270ee62"
                },
                "priv_route_table_id": {
                    "sensitive": false,
                    "type": "string",
                    "value": "rtb-6f752816"
                },
                "public_route_table_id": {
                    "sensitive": false,
                    "type": "string",
                    "value": "rtb-0474297d"
                },
                "vpc_id": {
                    "sensitive": false,
                    "type": "string",
                    "value": "vpc-bf4454d9"
                }
            },
            "resources": {
                "aws_eip.Tejas_lb": {
                    "type": "aws_eip",
                    "depends_on": [],
                    "primary": {
                        "id": "eipalloc-55246a68",
                        "attributes": {
                            "association_id": "",
                            "domain": "vpc",
                            "id": "eipalloc-55246a68",
                            "instance": "",
                            "network_interface": "",
                            "private_ip": "",
                            "public_ip": "34.211.100.240",
                            "vpc": "true"
                        },
                        "meta": {},
                        "tainted": false
                    },
                    "deposed": [],
                    "provider": ""
                },
                "aws_internet_gateway.Tejas_igw": {
                    "type": "aws_internet_gateway",
                    "depends_on": [
                        "aws_vpc.Tejas_vpc"
                    ],
                    "primary": {
                        "id": "igw-77839c10",
                        "attributes": {
                            "id": "igw-77839c10",
                            "tags.%": "4",
                            "tags.Environment": "Testing",
                            "tags.Name": "IGW",
                            "tags.Owner": "Tejas",
                            "tags.Project": "learning",
                            "vpc_id": "vpc-bf4454d9"
                        },
                        "meta": {},
                        "tainted": false
                    },
                    "deposed": [],
                    "provider": ""
                },
                "aws_nat_gateway.Tejas_natgw": {
                    "type": "aws_nat_gateway",
                    "depends_on": [
                        "aws_eip.Tejas_lb",
                        "aws_subnet.pubSubnet1"
                    ],
                    "primary": {
                        "id": "nat-04ad87f76c270ee62",
                        "attributes": {
                            "allocation_id": "eipalloc-55246a68",
                            "id": "nat-04ad87f76c270ee62",
                            "network_interface_id": "eni-128a8932",
                            "private_ip": "10.0.1.152",
                            "public_ip": "34.211.100.240",
                            "subnet_id": "subnet-c43e60a2",
                            "tags.%": "1",
                            "tags.Name": "gw NAT"
                        },
                        "meta": {},
                        "tainted": false
                    },
                    "deposed": [],
                    "provider": ""
                },
                "aws_network_acl.Tejas_nacl": {
                    "type": "aws_network_acl",
                    "depends_on": [
                        "aws_subnet.privSubnet1",
                        "aws_subnet.privSubnet2",
                        "aws_subnet.privSubnet3",
                        "aws_subnet.privSubnet4",
                        "aws_subnet.pubSubnet1",
                        "aws_vpc.Tejas_vpc"
                    ],
                    "primary": {
                        "id": "acl-c79e24be",
                        "attributes": {
                            "egress.#": "1",
                            "egress.130188622.action": "allow",
                            "egress.130188622.cidr_block": "0.0.0.0/0",
                            "egress.130188622.from_port": "0",
                            "egress.130188622.icmp_code": "0",
                            "egress.130188622.icmp_type": "0",
                            "egress.130188622.ipv6_cidr_block": "",
                            "egress.130188622.protocol": "6",
                            "egress.130188622.rule_no": "200",
                            "egress.130188622.to_port": "65535",
                            "id": "acl-c79e24be",
                            "ingress.#": "1",
                            "ingress.3025578125.action": "allow",
                            "ingress.3025578125.cidr_block": "0.0.0.0/0",
                            "ingress.3025578125.from_port": "0",
                            "ingress.3025578125.icmp_code": "0",
                            "ingress.3025578125.icmp_type": "0",
                            "ingress.3025578125.ipv6_cidr_block": "",
                            "ingress.3025578125.protocol": "6",
                            "ingress.3025578125.rule_no": "100",
                            "ingress.3025578125.to_port": "65535",
                            "subnet_ids.#": "5",
                            "subnet_ids.1757225245": "subnet-ed2a54a5",
                            "subnet_ids.2236439064": "subnet-71295739",
                            "subnet_ids.252233259": "subnet-f83d639e",
                            "subnet_ids.3659345669": "subnet-ec2a54a4",
                            "subnet_ids.939730649": "subnet-c43e60a2",
                            "tags.%": "4",
                            "tags.Environment": "Testing",
                            "tags.Name": "route_table",
                            "tags.Owner": "Tejas",
                            "tags.Project": "learning",
                            "vpc_id": "vpc-bf4454d9"
                        },
                        "meta": {},
                        "tainted": false
                    },
                    "deposed": [],
                    "provider": ""
                },
                "aws_route_table.Tejas_privroute_table": {
                    "type": "aws_route_table",
                    "depends_on": [
                        "aws_nat_gateway.Tejas_natgw",
                        "aws_vpc.Tejas_vpc"
                    ],
                    "primary": {
                        "id": "rtb-6f752816",
                        "attributes": {
                            "id": "rtb-6f752816",
                            "propagating_vgws.#": "0",
                            "route.#": "1",
                            "route.3863220944.cidr_block": "0.0.0.0/0",
                            "route.3863220944.egress_only_gateway_id": "",
                            "route.3863220944.gateway_id": "",
                            "route.3863220944.instance_id": "",
                            "route.3863220944.ipv6_cidr_block": "",
                            "route.3863220944.nat_gateway_id": "nat-04ad87f76c270ee62",
                            "route.3863220944.network_interface_id": "",
                            "route.3863220944.vpc_peering_connection_id": "",
                            "tags.%": "4",
                            "tags.Environment": "Testing",
                            "tags.Name": "route_table",
                            "tags.Owner": "Tejas",
                            "tags.Project": "learning",
                            "vpc_id": "vpc-bf4454d9"
                        },
                        "meta": {},
                        "tainted": false
                    },
                    "deposed": [],
                    "provider": ""
                },
                "aws_route_table.Tejas_pubroute_table": {
                    "type": "aws_route_table",
                    "depends_on": [
                        "aws_internet_gateway.Tejas_igw",
                        "aws_vpc.Tejas_vpc"
                    ],
                    "primary": {
                        "id": "rtb-0474297d",
                        "attributes": {
                            "id": "rtb-0474297d",
                            "propagating_vgws.#": "0",
                            "route.#": "1",
                            "route.2644618764.cidr_block": "0.0.0.0/0",
                            "route.2644618764.egress_only_gateway_id": "",
                            "route.2644618764.gateway_id": "igw-77839c10",
                            "route.2644618764.instance_id": "",
                            "route.2644618764.ipv6_cidr_block": "",
                            "route.2644618764.nat_gateway_id": "",
                            "route.2644618764.network_interface_id": "",
                            "route.2644618764.vpc_peering_connection_id": "",
                            "tags.%": "4",
                            "tags.Environment": "Testing",
                            "tags.Name": "route_table",
                            "tags.Owner": "Tejas",
                            "tags.Project": "learning",
                            "vpc_id": "vpc-bf4454d9"
                        },
                        "meta": {},
                        "tainted": false
                    },
                    "deposed": [],
                    "provider": ""
                },
                "aws_route_table_association.private_route_table_association1": {
                    "type": "aws_route_table_association",
                    "depends_on": [
                        "aws_route_table.Tejas_privroute_table",
                        "aws_subnet.privSubnet1"
                    ],
                    "primary": {
                        "id": "rtbassoc-448d5c3f",
                        "attributes": {
                            "id": "rtbassoc-448d5c3f",
                            "route_table_id": "rtb-6f752816",
                            "subnet_id": "subnet-ed2a54a5"
                        },
                        "meta": {},
                        "tainted": false
                    },
                    "deposed": [],
                    "provider": ""
                },
                "aws_route_table_association.private_route_table_association2": {
                    "type": "aws_route_table_association",
                    "depends_on": [
                        "aws_route_table.Tejas_privroute_table",
                        "aws_subnet.privSubnet2"
                    ],
                    "primary": {
                        "id": "rtbassoc-3f8e5f44",
                        "attributes": {
                            "id": "rtbassoc-3f8e5f44",
                            "route_table_id": "rtb-6f752816",
                            "subnet_id": "subnet-71295739"
                        },
                        "meta": {},
                        "tainted": false
                    },
                    "deposed": [],
                    "provider": ""
                },
                "aws_route_table_association.private_route_table_association3": {
                    "type": "aws_route_table_association",
                    "depends_on": [
                        "aws_route_table.Tejas_privroute_table",
                        "aws_subnet.privSubnet3"
                    ],
                    "primary": {
                        "id": "rtbassoc-ed8d5c96",
                        "attributes": {
                            "id": "rtbassoc-ed8d5c96",
                            "route_table_id": "rtb-6f752816",
                            "subnet_id": "subnet-ec2a54a4"
                        },
                        "meta": {},
                        "tainted": false
                    },
                    "deposed": [],
                    "provider": ""
                },
                "aws_route_table_association.private_route_table_association4": {
                    "type": "aws_route_table_association",
                    "depends_on": [
                        "aws_route_table.Tejas_privroute_table",
                        "aws_subnet.privSubnet4"
                    ],
                    "primary": {
                        "id": "rtbassoc-5f8f5e24",
                        "attributes": {
                            "id": "rtbassoc-5f8f5e24",
                            "route_table_id": "rtb-6f752816",
                            "subnet_id": "subnet-f83d639e"
                        },
                        "meta": {},
                        "tainted": false
                    },
                    "deposed": [],
                    "provider": ""
                },
                "aws_route_table_association.public_route_table_association1": {
                    "type": "aws_route_table_association",
                    "depends_on": [
                        "aws_route_table.Tejas_pubroute_table",
                        "aws_subnet.pubSubnet1"
                    ],
                    "primary": {
                        "id": "rtbassoc-b48a5bcf",
                        "attributes": {
                            "id": "rtbassoc-b48a5bcf",
                            "route_table_id": "rtb-0474297d",
                            "subnet_id": "subnet-c43e60a2"
                        },
                        "meta": {},
                        "tainted": false
                    },
                    "deposed": [],
                    "provider": ""
                },
                "aws_security_group.Tejas_SG": {
                    "type": "aws_security_group",
                    "depends_on": [
                        "aws_vpc.Tejas_vpc"
                    ],
                    "primary": {
                        "id": "sg-ca4080b6",
                        "attributes": {
                            "description": "Managed by Terraform",
                            "egress.#": "1",
                            "egress.482069346.cidr_blocks.#": "1",
                            "egress.482069346.cidr_blocks.0": "0.0.0.0/0",
                            "egress.482069346.description": "",
                            "egress.482069346.from_port": "0",
                            "egress.482069346.ipv6_cidr_blocks.#": "0",
                            "egress.482069346.prefix_list_ids.#": "0",
                            "egress.482069346.protocol": "-1",
                            "egress.482069346.security_groups.#": "0",
                            "egress.482069346.self": "false",
                            "egress.482069346.to_port": "0",
                            "id": "sg-ca4080b6",
                            "ingress.#": "1",
                            "ingress.505212933.cidr_blocks.#": "1",
                            "ingress.505212933.cidr_blocks.0": "202.65.158.154/32",
                            "ingress.505212933.description": "",
                            "ingress.505212933.from_port": "0",
                            "ingress.505212933.ipv6_cidr_blocks.#": "0",
                            "ingress.505212933.protocol": "-1",
                            "ingress.505212933.security_groups.#": "0",
                            "ingress.505212933.self": "false",
                            "ingress.505212933.to_port": "0",
                            "name": "Tejas_SG",
                            "owner_id": "411815166437",
                            "tags.%": "4",
                            "tags.Environment": "Testing",
                            "tags.Name": "route_table",
                            "tags.Owner": "Tejas",
                            "tags.Project": "learning",
                            "vpc_id": "vpc-bf4454d9"
                        },
                        "meta": {},
                        "tainted": false
                    },
                    "deposed": [],
                    "provider": ""
                },
                "aws_subnet.privSubnet1": {
                    "type": "aws_subnet",
                    "depends_on": [
                        "aws_vpc.Tejas_vpc"
                    ],
                    "primary": {
                        "id": "subnet-ed2a54a5",
                        "attributes": {
                            "assign_ipv6_address_on_creation": "false",
                            "availability_zone": "us-west-2b",
                            "cidr_block": "10.0.2.0/24",
                            "id": "subnet-ed2a54a5",
                            "map_public_ip_on_launch": "false",
                            "tags.%": "4",
                            "tags.Environment": "Testing",
                            "tags.Name": "privSubnet1",
                            "tags.Owner": "Tejas",
                            "tags.Project": "learning",
                            "vpc_id": "vpc-bf4454d9"
                        },
                        "meta": {
                            "schema_version": "1"
                        },
                        "tainted": false
                    },
                    "deposed": [],
                    "provider": ""
                },
                "aws_subnet.privSubnet2": {
                    "type": "aws_subnet",
                    "depends_on": [
                        "aws_vpc.Tejas_vpc"
                    ],
                    "primary": {
                        "id": "subnet-71295739",
                        "attributes": {
                            "assign_ipv6_address_on_creation": "false",
                            "availability_zone": "us-west-2b",
                            "cidr_block": "10.0.3.0/24",
                            "id": "subnet-71295739",
                            "map_public_ip_on_launch": "false",
                            "tags.%": "4",
                            "tags.Environment": "Testing",
                            "tags.Name": "privSubnet2",
                            "tags.Owner": "Tejas",
                            "tags.Project": "learning",
                            "vpc_id": "vpc-bf4454d9"
                        },
                        "meta": {
                            "schema_version": "1"
                        },
                        "tainted": false
                    },
                    "deposed": [],
                    "provider": ""
                },
                "aws_subnet.privSubnet3": {
                    "type": "aws_subnet",
                    "depends_on": [
                        "aws_vpc.Tejas_vpc"
                    ],
                    "primary": {
                        "id": "subnet-ec2a54a4",
                        "attributes": {
                            "assign_ipv6_address_on_creation": "false",
                            "availability_zone": "us-west-2b",
                            "cidr_block": "10.0.4.0/24",
                            "id": "subnet-ec2a54a4",
                            "map_public_ip_on_launch": "false",
                            "tags.%": "4",
                            "tags.Environment": "Testing",
                            "tags.Name": "privSubnet3",
                            "tags.Owner": "Tejas",
                            "tags.Project": "learning",
                            "vpc_id": "vpc-bf4454d9"
                        },
                        "meta": {
                            "schema_version": "1"
                        },
                        "tainted": false
                    },
                    "deposed": [],
                    "provider": ""
                },
                "aws_subnet.privSubnet4": {
                    "type": "aws_subnet",
                    "depends_on": [
                        "aws_vpc.Tejas_vpc"
                    ],
                    "primary": {
                        "id": "subnet-f83d639e",
                        "attributes": {
                            "assign_ipv6_address_on_creation": "false",
                            "availability_zone": "us-west-2a",
                            "cidr_block": "10.0.5.0/24",
                            "id": "subnet-f83d639e",
                            "map_public_ip_on_launch": "false",
                            "tags.%": "4",
                            "tags.Environment": "Testing",
                            "tags.Name": "privSubnet4",
                            "tags.Owner": "Tejas",
                            "tags.Project": "learning",
                            "vpc_id": "vpc-bf4454d9"
                        },
                        "meta": {
                            "schema_version": "1"
                        },
                        "tainted": false
                    },
                    "deposed": [],
                    "provider": ""
                },
                "aws_subnet.pubSubnet1": {
                    "type": "aws_subnet",
                    "depends_on": [
                        "aws_vpc.Tejas_vpc"
                    ],
                    "primary": {
                        "id": "subnet-c43e60a2",
                        "attributes": {
                            "assign_ipv6_address_on_creation": "false",
                            "availability_zone": "us-west-2a",
                            "cidr_block": "10.0.1.0/24",
                            "id": "subnet-c43e60a2",
                            "map_public_ip_on_launch": "false",
                            "tags.%": "4",
                            "tags.Environment": "Testing",
                            "tags.Name": "pubSubnet1",
                            "tags.Owner": "Tejas",
                            "tags.Project": "learning",
                            "vpc_id": "vpc-bf4454d9"
                        },
                        "meta": {
                            "schema_version": "1"
                        },
                        "tainted": false
                    },
                    "deposed": [],
                    "provider": ""
                },
                "aws_vpc.Tejas_vpc": {
                    "type": "aws_vpc",
                    "depends_on": [],
                    "primary": {
                        "id": "vpc-bf4454d9",
                        "attributes": {
                            "assign_generated_ipv6_cidr_block": "false",
                            "cidr_block": "10.0.0.0/16",
                            "default_network_acl_id": "acl-fea51f87",
                            "default_route_table_id": "rtb-ad7e23d4",
                            "default_security_group_id": "sg-8e3ffff2",
                            "dhcp_options_id": "dopt-a5d7c5c7",
                            "enable_classiclink": "false",
                            "enable_classiclink_dns_support": "false",
                            "enable_dns_hostnames": "false",
                            "enable_dns_support": "true",
                            "id": "vpc-bf4454d9",
                            "instance_tenancy": "default",
                            "main_route_table_id": "rtb-ad7e23d4",
                            "tags.%": "4",
                            "tags.Environment": "Testing",
                            "tags.Name": "VPC",
                            "tags.Owner": "Tejas",
                            "tags.Project": "learning"
                        },
                        "meta": {
                            "schema_version": "1"
                        },
                        "tainted": false
                    },
                    "deposed": [],
                    "provider": ""
                }
            },
            "depends_on": []
        }
    ]
}
